<?xml version="1.0" encoding="utf-8"?>
<Project ToolsVersion="17.0" xmlns="http://schemas.microsoft.com/developer/msbuild/2003">
  <ItemGroup>
    <ClCompile Include="C:\Users\kadechur.l.FUTRONIC\Desktop\gtest-cmake-example-master\gtest-cmake-example-master\project1.cpp">
      <Filter>Source Files</Filter>
    </ClCompile>
  </ItemGroup>
  <ItemGroup>
    <CustomBuild Include="C:\Users\kadechur.l.FUTRONIC\Desktop\gtest-cmake-example-master\gtest-cmake-example-master\CMakeLists.txt" />
  </ItemGroup>
  <ItemGroup>
    <Filter Include="Source Files">
      <UniqueIdentifier>{051EFCE3-2073-36AE-B0E7-FB87C1B31D1F}</UniqueIdentifier>
    </Filter>
  </ItemGroup>
</Project>
