<?xml version="1.0" encoding="utf-8"?>
<Project ToolsVersion="17.0" xmlns="http://schemas.microsoft.com/developer/msbuild/2003">
  <ItemGroup>
    <CustomBuild Include="C:\Users\kadechur.l.FUTRONIC\Desktop\gtest-cmake-example-master\gtest-cmake-example-master\build\CMakeFiles\e3146fcd3035d991ee281590c60dc638\generate.stamp.rule">
      <Filter>CMake Rules</Filter>
    </CustomBuild>
  </ItemGroup>
  <ItemGroup>
    <Filter Include="CMake Rules">
      <UniqueIdentifier>{1D455DC3-AFCE-3B0E-A0BC-0A53E82AB8BE}</UniqueIdentifier>
    </Filter>
  </ItemGroup>
</Project>
